
Microsoft Visual Studio Solution File, Format Version 12.00
# Visual Studio Version 17
VisualStudioVersion = 17.7.34221.43
MinimumVisualStudioVersion = 10.0.40219.1
Project("{8BC9CEB8-8B4A-11D0-8D11-00A0C91BC942}") = "Proonnx", "Proonnx\Proonnx.vcxproj", "{EE254541-716C-4380-8D40-AD5C673D38E8}"
EndProject
Project("{2150E333-8FDC-42A3-9474-1A3956D46DE8}") = "Solution Items", "Solution Items", "{8DB48EE2-FB8C-48BA-8192-52FF99A3A3ED}"
	ProjectSection(SolutionItems) = preProject
		.gitattributes = .gitattributes
		.gitignore = .gitignore
	EndProjectSection
EndProject
Project("{8BC9CEB8-8B4A-11D0-8D11-00A0C91BC942}") = "cfgl", "cfgl\cfgl.vcxproj", "{F4517599-0279-42F1-AE95-59ED41B32E00}"
EndProject
Project("{8BC9CEB8-8B4A-11D0-8D11-00A0C91BC942}") = "cfgr", "cfgr\cfgr.vcxproj", "{4F780C0A-E679-45FB-B6D6-10BFBB7B1625}"
EndProject
Project("{8BC9CEB8-8B4A-11D0-8D11-00A0C91BC942}") = "Extra", "Extra\Extra.vcxproj", "{901CA695-329E-4892-8508-58E0E146532E}"
EndProject
Project("{8BC9CEB8-8B4A-11D0-8D11-00A0C91BC942}") = "cfglg", "cfglg\cfglg.vcxproj", "{59276DDC-A705-4C2A-B3B8-9FCB6C8E047A}"
EndProject
Project("{8BC9CEB8-8B4A-11D0-8D11-00A0C91BC942}") = "cma", "cma\cma.vcxproj", "{9CCFA355-0B09-493B-8DC3-CBB0DBF91BB8}"
EndProject
Project("{8BC9CEB8-8B4A-11D0-8D11-00A0C91BC942}") = "oulq", "oulq\oulq.vcxproj", "{22E752E4-AE8A-40AA-9A3D-C7F23565B046}"
EndProject
Global
	GlobalSection(SolutionConfigurationPlatforms) = preSolution
		Debug|x64 = Debug|x64
		Debug|x86 = Debug|x86
		DebugForProonnx|x64 = DebugForProonnx|x64
		DebugForProonnx|x86 = DebugForProonnx|x86
		MinSizeRel|x64 = MinSizeRel|x64
		MinSizeRel|x86 = MinSizeRel|x86
		Release|x64 = Release|x64
		Release|x86 = Release|x86
		RelWithDebInfo|x64 = RelWithDebInfo|x64
		RelWithDebInfo|x86 = RelWithDebInfo|x86
	EndGlobalSection
	GlobalSection(ProjectConfigurationPlatforms) = postSolution
		{EE254541-716C-4380-8D40-AD5C673D38E8}.Debug|x64.ActiveCfg = Debug|x64
		{EE254541-716C-4380-8D40-AD5C673D38E8}.Debug|x64.Build.0 = Debug|x64
		{EE254541-716C-4380-8D40-AD5C673D38E8}.Debug|x86.ActiveCfg = Debug|x64
		{EE254541-716C-4380-8D40-AD5C673D38E8}.Debug|x86.Build.0 = Debug|x64
		{EE254541-716C-4380-8D40-AD5C673D38E8}.DebugForProonnx|x64.ActiveCfg = DebugForProonnx|x64
		{EE254541-716C-4380-8D40-AD5C673D38E8}.DebugForProonnx|x64.Build.0 = DebugForProonnx|x64
		{EE254541-716C-4380-8D40-AD5C673D38E8}.DebugForProonnx|x86.ActiveCfg = DebugForProonnx|x64
		{EE254541-716C-4380-8D40-AD5C673D38E8}.DebugForProonnx|x86.Build.0 = DebugForProonnx|x64
		{EE254541-716C-4380-8D40-AD5C673D38E8}.MinSizeRel|x64.ActiveCfg = Release|x64
		{EE254541-716C-4380-8D40-AD5C673D38E8}.MinSizeRel|x64.Build.0 = Release|x64
		{EE254541-716C-4380-8D40-AD5C673D38E8}.MinSizeRel|x86.ActiveCfg = Release|x64
		{EE254541-716C-4380-8D40-AD5C673D38E8}.MinSizeRel|x86.Build.0 = Release|x64
		{EE254541-716C-4380-8D40-AD5C673D38E8}.Release|x64.ActiveCfg = Release|x64
		{EE254541-716C-4380-8D40-AD5C673D38E8}.Release|x64.Build.0 = Release|x64
		{EE254541-716C-4380-8D40-AD5C673D38E8}.Release|x86.ActiveCfg = Release|x64
		{EE254541-716C-4380-8D40-AD5C673D38E8}.Release|x86.Build.0 = Release|x64
		{EE254541-716C-4380-8D40-AD5C673D38E8}.RelWithDebInfo|x64.ActiveCfg = Release|x64
		{EE254541-716C-4380-8D40-AD5C673D38E8}.RelWithDebInfo|x64.Build.0 = Release|x64
		{EE254541-716C-4380-8D40-AD5C673D38E8}.RelWithDebInfo|x86.ActiveCfg = Release|x64
		{EE254541-716C-4380-8D40-AD5C673D38E8}.RelWithDebInfo|x86.Build.0 = Release|x64
		{F4517599-0279-42F1-AE95-59ED41B32E00}.Debug|x64.ActiveCfg = Debug|x64
		{F4517599-0279-42F1-AE95-59ED41B32E00}.Debug|x64.Build.0 = Debug|x64
		{F4517599-0279-42F1-AE95-59ED41B32E00}.Debug|x86.ActiveCfg = Debug|Win32
		{F4517599-0279-42F1-AE95-59ED41B32E00}.Debug|x86.Build.0 = Debug|Win32
		{F4517599-0279-42F1-AE95-59ED41B32E00}.DebugForProonnx|x64.ActiveCfg = Debug|x64
		{F4517599-0279-42F1-AE95-59ED41B32E00}.DebugForProonnx|x64.Build.0 = Debug|x64
		{F4517599-0279-42F1-AE95-59ED41B32E00}.DebugForProonnx|x86.ActiveCfg = DebugForProonnx|Win32
		{F4517599-0279-42F1-AE95-59ED41B32E00}.DebugForProonnx|x86.Build.0 = DebugForProonnx|Win32
		{F4517599-0279-42F1-AE95-59ED41B32E00}.MinSizeRel|x64.ActiveCfg = Debug|x64
		{F4517599-0279-42F1-AE95-59ED41B32E00}.MinSizeRel|x64.Build.0 = Debug|x64
		{F4517599-0279-42F1-AE95-59ED41B32E00}.MinSizeRel|x86.ActiveCfg = Debug|Win32
		{F4517599-0279-42F1-AE95-59ED41B32E00}.MinSizeRel|x86.Build.0 = Debug|Win32
		{F4517599-0279-42F1-AE95-59ED41B32E00}.Release|x64.ActiveCfg = Release|x64
		{F4517599-0279-42F1-AE95-59ED41B32E00}.Release|x64.Build.0 = Release|x64
		{F4517599-0279-42F1-AE95-59ED41B32E00}.Release|x86.ActiveCfg = Release|Win32
		{F4517599-0279-42F1-AE95-59ED41B32E00}.Release|x86.Build.0 = Release|Win32
		{F4517599-0279-42F1-AE95-59ED41B32E00}.RelWithDebInfo|x64.ActiveCfg = Release|x64
		{F4517599-0279-42F1-AE95-59ED41B32E00}.RelWithDebInfo|x64.Build.0 = Release|x64
		{F4517599-0279-42F1-AE95-59ED41B32E00}.RelWithDebInfo|x86.ActiveCfg = Release|Win32
		{F4517599-0279-42F1-AE95-59ED41B32E00}.RelWithDebInfo|x86.Build.0 = Release|Win32
		{4F780C0A-E679-45FB-B6D6-10BFBB7B1625}.Debug|x64.ActiveCfg = Debug|x64
		{4F780C0A-E679-45FB-B6D6-10BFBB7B1625}.Debug|x64.Build.0 = Debug|x64
		{4F780C0A-E679-45FB-B6D6-10BFBB7B1625}.Debug|x86.ActiveCfg = Debug|Win32
		{4F780C0A-E679-45FB-B6D6-10BFBB7B1625}.Debug|x86.Build.0 = Debug|Win32
		{4F780C0A-E679-45FB-B6D6-10BFBB7B1625}.DebugForProonnx|x64.ActiveCfg = Debug|x64
		{4F780C0A-E679-45FB-B6D6-10BFBB7B1625}.DebugForProonnx|x64.Build.0 = Debug|x64
		{4F780C0A-E679-45FB-B6D6-10BFBB7B1625}.DebugForProonnx|x86.ActiveCfg = DebugForProonnx|Win32
		{4F780C0A-E679-45FB-B6D6-10BFBB7B1625}.DebugForProonnx|x86.Build.0 = DebugForProonnx|Win32
		{4F780C0A-E679-45FB-B6D6-10BFBB7B1625}.MinSizeRel|x64.ActiveCfg = Debug|x64
		{4F780C0A-E679-45FB-B6D6-10BFBB7B1625}.MinSizeRel|x64.Build.0 = Debug|x64
		{4F780C0A-E679-45FB-B6D6-10BFBB7B1625}.MinSizeRel|x86.ActiveCfg = Debug|Win32
		{4F780C0A-E679-45FB-B6D6-10BFBB7B1625}.MinSizeRel|x86.Build.0 = Debug|Win32
		{4F780C0A-E679-45FB-B6D6-10BFBB7B1625}.Release|x64.ActiveCfg = Release|x64
		{4F780C0A-E679-45FB-B6D6-10BFBB7B1625}.Release|x64.Build.0 = Release|x64
		{4F780C0A-E679-45FB-B6D6-10BFBB7B1625}.Release|x86.ActiveCfg = Release|Win32
		{4F780C0A-E679-45FB-B6D6-10BFBB7B1625}.Release|x86.Build.0 = Release|Win32
		{4F780C0A-E679-45FB-B6D6-10BFBB7B1625}.RelWithDebInfo|x64.ActiveCfg = Release|x64
		{4F780C0A-E679-45FB-B6D6-10BFBB7B1625}.RelWithDebInfo|x64.Build.0 = Release|x64
		{4F780C0A-E679-45FB-B6D6-10BFBB7B1625}.RelWithDebInfo|x86.ActiveCfg = Release|Win32
		{4F780C0A-E679-45FB-B6D6-10BFBB7B1625}.RelWithDebInfo|x86.Build.0 = Release|Win32
		{901CA695-329E-4892-8508-58E0E146532E}.Debug|x64.ActiveCfg = Debug|x64
		{901CA695-329E-4892-8508-58E0E146532E}.Debug|x64.Build.0 = Debug|x64
		{901CA695-329E-4892-8508-58E0E146532E}.Debug|x86.ActiveCfg = Debug|Win32
		{901CA695-329E-4892-8508-58E0E146532E}.Debug|x86.Build.0 = Debug|Win32
		{901CA695-329E-4892-8508-58E0E146532E}.DebugForProonnx|x64.ActiveCfg = Debug|x64
		{901CA695-329E-4892-8508-58E0E146532E}.DebugForProonnx|x64.Build.0 = Debug|x64
		{901CA695-329E-4892-8508-58E0E146532E}.DebugForProonnx|x86.ActiveCfg = DebugForProonnx|Win32
		{901CA695-329E-4892-8508-58E0E146532E}.DebugForProonnx|x86.Build.0 = DebugForProonnx|Win32
		{901CA695-329E-4892-8508-58E0E146532E}.MinSizeRel|x64.ActiveCfg = Debug|x64
		{901CA695-329E-4892-8508-58E0E146532E}.MinSizeRel|x64.Build.0 = Debug|x64
		{901CA695-329E-4892-8508-58E0E146532E}.MinSizeRel|x86.ActiveCfg = Debug|Win32
		{901CA695-329E-4892-8508-58E0E146532E}.MinSizeRel|x86.Build.0 = Debug|Win32
		{901CA695-329E-4892-8508-58E0E146532E}.Release|x64.ActiveCfg = Release|x64
		{901CA695-329E-4892-8508-58E0E146532E}.Release|x64.Build.0 = Release|x64
		{901CA695-329E-4892-8508-58E0E146532E}.Release|x86.ActiveCfg = Release|Win32
		{901CA695-329E-4892-8508-58E0E146532E}.Release|x86.Build.0 = Release|Win32
		{901CA695-329E-4892-8508-58E0E146532E}.RelWithDebInfo|x64.ActiveCfg = Release|x64
		{901CA695-329E-4892-8508-58E0E146532E}.RelWithDebInfo|x64.Build.0 = Release|x64
		{901CA695-329E-4892-8508-58E0E146532E}.RelWithDebInfo|x86.ActiveCfg = Release|Win32
		{901CA695-329E-4892-8508-58E0E146532E}.RelWithDebInfo|x86.Build.0 = Release|Win32
		{59276DDC-A705-4C2A-B3B8-9FCB6C8E047A}.Debug|x64.ActiveCfg = Debug|x64
		{59276DDC-A705-4C2A-B3B8-9FCB6C8E047A}.Debug|x64.Build.0 = Debug|x64
		{59276DDC-A705-4C2A-B3B8-9FCB6C8E047A}.Debug|x86.ActiveCfg = Debug|Win32
		{59276DDC-A705-4C2A-B3B8-9FCB6C8E047A}.Debug|x86.Build.0 = Debug|Win32
		{59276DDC-A705-4C2A-B3B8-9FCB6C8E047A}.DebugForProonnx|x64.ActiveCfg = Debug|x64
		{59276DDC-A705-4C2A-B3B8-9FCB6C8E047A}.DebugForProonnx|x64.Build.0 = Debug|x64
		{59276DDC-A705-4C2A-B3B8-9FCB6C8E047A}.DebugForProonnx|x86.ActiveCfg = DebugForProonnx|Win32
		{59276DDC-A705-4C2A-B3B8-9FCB6C8E047A}.DebugForProonnx|x86.Build.0 = DebugForProonnx|Win32
		{59276DDC-A705-4C2A-B3B8-9FCB6C8E047A}.MinSizeRel|x64.ActiveCfg = Debug|x64
		{59276DDC-A705-4C2A-B3B8-9FCB6C8E047A}.MinSizeRel|x64.Build.0 = Debug|x64
		{59276DDC-A705-4C2A-B3B8-9FCB6C8E047A}.MinSizeRel|x86.ActiveCfg = Debug|Win32
		{59276DDC-A705-4C2A-B3B8-9FCB6C8E047A}.MinSizeRel|x86.Build.0 = Debug|Win32
		{59276DDC-A705-4C2A-B3B8-9FCB6C8E047A}.Release|x64.ActiveCfg = Release|x64
		{59276DDC-A705-4C2A-B3B8-9FCB6C8E047A}.Release|x64.Build.0 = Release|x64
		{59276DDC-A705-4C2A-B3B8-9FCB6C8E047A}.Release|x86.ActiveCfg = Release|Win32
		{59276DDC-A705-4C2A-B3B8-9FCB6C8E047A}.Release|x86.Build.0 = Release|Win32
		{59276DDC-A705-4C2A-B3B8-9FCB6C8E047A}.RelWithDebInfo|x64.ActiveCfg = Release|x64
		{59276DDC-A705-4C2A-B3B8-9FCB6C8E047A}.RelWithDebInfo|x64.Build.0 = Release|x64
		{59276DDC-A705-4C2A-B3B8-9FCB6C8E047A}.RelWithDebInfo|x86.ActiveCfg = Release|Win32
		{59276DDC-A705-4C2A-B3B8-9FCB6C8E047A}.RelWithDebInfo|x86.Build.0 = Release|Win32
		{9CCFA355-0B09-493B-8DC3-CBB0DBF91BB8}.Debug|x64.ActiveCfg = Debug|x64
		{9CCFA355-0B09-493B-8DC3-CBB0DBF91BB8}.Debug|x64.Build.0 = Debug|x64
		{9CCFA355-0B09-493B-8DC3-CBB0DBF91BB8}.Debug|x86.ActiveCfg = Debug|x64
		{9CCFA355-0B09-493B-8DC3-CBB0DBF91BB8}.Debug|x86.Build.0 = Debug|x64
		{9CCFA355-0B09-493B-8DC3-CBB0DBF91BB8}.DebugForProonnx|x64.ActiveCfg = Debug|x64
		{9CCFA355-0B09-493B-8DC3-CBB0DBF91BB8}.DebugForProonnx|x64.Build.0 = Debug|x64
		{9CCFA355-0B09-493B-8DC3-CBB0DBF91BB8}.DebugForProonnx|x86.ActiveCfg = Debug|x64
		{9CCFA355-0B09-493B-8DC3-CBB0DBF91BB8}.DebugForProonnx|x86.Build.0 = Debug|x64
		{9CCFA355-0B09-493B-8DC3-CBB0DBF91BB8}.MinSizeRel|x64.ActiveCfg = Debug|x64
		{9CCFA355-0B09-493B-8DC3-CBB0DBF91BB8}.MinSizeRel|x64.Build.0 = Debug|x64
		{9CCFA355-0B09-493B-8DC3-CBB0DBF91BB8}.MinSizeRel|x86.ActiveCfg = Debug|x64
		{9CCFA355-0B09-493B-8DC3-CBB0DBF91BB8}.MinSizeRel|x86.Build.0 = Debug|x64
		{9CCFA355-0B09-493B-8DC3-CBB0DBF91BB8}.Release|x64.ActiveCfg = Release|x64
		{9CCFA355-0B09-493B-8DC3-CBB0DBF91BB8}.Release|x64.Build.0 = Release|x64
		{9CCFA355-0B09-493B-8DC3-CBB0DBF91BB8}.Release|x86.ActiveCfg = Release|x64
		{9CCFA355-0B09-493B-8DC3-CBB0DBF91BB8}.Release|x86.Build.0 = Release|x64
		{9CCFA355-0B09-493B-8DC3-CBB0DBF91BB8}.RelWithDebInfo|x64.ActiveCfg = Release|x64
		{9CCFA355-0B09-493B-8DC3-CBB0DBF91BB8}.RelWithDebInfo|x64.Build.0 = Release|x64
		{9CCFA355-0B09-493B-8DC3-CBB0DBF91BB8}.RelWithDebInfo|x86.ActiveCfg = Release|x64
		{9CCFA355-0B09-493B-8DC3-CBB0DBF91BB8}.RelWithDebInfo|x86.Build.0 = Release|x64
		{22E752E4-AE8A-40AA-9A3D-C7F23565B046}.Debug|x64.ActiveCfg = Debug|x64
		{22E752E4-AE8A-40AA-9A3D-C7F23565B046}.Debug|x64.Build.0 = Debug|x64
		{22E752E4-AE8A-40AA-9A3D-C7F23565B046}.Debug|x86.ActiveCfg = Debug|x64
		{22E752E4-AE8A-40AA-9A3D-C7F23565B046}.Debug|x86.Build.0 = Debug|x64
		{22E752E4-AE8A-40AA-9A3D-C7F23565B046}.DebugForProonnx|x64.ActiveCfg = Debug|x64
		{22E752E4-AE8A-40AA-9A3D-C7F23565B046}.DebugForProonnx|x64.Build.0 = Debug|x64
		{22E752E4-AE8A-40AA-9A3D-C7F23565B046}.DebugForProonnx|x86.ActiveCfg = Debug|x64
		{22E752E4-AE8A-40AA-9A3D-C7F23565B046}.DebugForProonnx|x86.Build.0 = Debug|x64
		{22E752E4-AE8A-40AA-9A3D-C7F23565B046}.MinSizeRel|x64.ActiveCfg = Debug|x64
		{22E752E4-AE8A-40AA-9A3D-C7F23565B046}.MinSizeRel|x64.Build.0 = Debug|x64
		{22E752E4-AE8A-40AA-9A3D-C7F23565B046}.MinSizeRel|x86.ActiveCfg = Debug|x64
		{22E752E4-AE8A-40AA-9A3D-C7F23565B046}.MinSizeRel|x86.Build.0 = Debug|x64
		{22E752E4-AE8A-40AA-9A3D-C7F23565B046}.Release|x64.ActiveCfg = Release|x64
		{22E752E4-AE8A-40AA-9A3D-C7F23565B046}.Release|x64.Build.0 = Release|x64
		{22E752E4-AE8A-40AA-9A3D-C7F23565B046}.Release|x86.ActiveCfg = Release|x64
		{22E752E4-AE8A-40AA-9A3D-C7F23565B046}.Release|x86.Build.0 = Release|x64
		{22E752E4-AE8A-40AA-9A3D-C7F23565B046}.RelWithDebInfo|x64.ActiveCfg = Release|x64
		{22E752E4-AE8A-40AA-9A3D-C7F23565B046}.RelWithDebInfo|x64.Build.0 = Release|x64
		{22E752E4-AE8A-40AA-9A3D-C7F23565B046}.RelWithDebInfo|x86.ActiveCfg = Release|x64
		{22E752E4-AE8A-40AA-9A3D-C7F23565B046}.RelWithDebInfo|x86.Build.0 = Release|x64
	EndGlobalSection
	GlobalSection(SolutionProperties) = preSolution
		HideSolutionNode = FALSE
	EndGlobalSection
	GlobalSection(ExtensibilityGlobals) = postSolution
		SolutionGuid = {51BD16BA-11FB-4C8F-99A4-CD301221523C}
	EndGlobalSection
EndGlobal
