<?xml version="1.0" encoding="utf-8"?>
<Project ToolsVersion="4.0" xmlns="http://schemas.microsoft.com/developer/msbuild/2003">
  <ItemGroup>
    <Filter Include="Source Files">
      <UniqueIdentifier>{4FC737F1-C7A5-4376-A066-2A32D752A2FF}</UniqueIdentifier>
      <Extensions>qml;cpp;c;cc;cxx;def;odl;idl;hpj;bat;asm;asmx</Extensions>
    </Filter>
    <Filter Include="Header Files">
      <UniqueIdentifier>{93995380-89BD-4b04-88EB-625FBE52EBFB}</UniqueIdentifier>
      <Extensions>h;hh;hpp;hxx;hm;inl;inc;xsd</Extensions>
    </Filter>
    <Filter Include="Resource Files">
      <UniqueIdentifier>{67DA6AB6-F800-4c08-8B7A-83BB121AAD01}</UniqueIdentifier>
      <Extensions>qrc;rc;ico;cur;bmp;dlg;rc2;rct;bin;rgs;gif;jpg;jpeg;jpe;resx;tiff;tif;png;wav;mfcribbon-ms</Extensions>
    </Filter>
    <Filter Include="Form Files">
      <UniqueIdentifier>{99349809-55BA-4b9d-BF79-8FDBB0286EB3}</UniqueIdentifier>
      <Extensions>ui</Extensions>
    </Filter>
    <Filter Include="Translation Files">
      <UniqueIdentifier>{639EADAA-A684-42e4-A9AD-28FC9BCB8F7C}</UniqueIdentifier>
      <Extensions>ts</Extensions>
    </Filter>
    <Filter Include="Form Files\ui">
      <UniqueIdentifier>{9df8ddd5-c289-4574-a66c-a20a78d4d350}</UniqueIdentifier>
    </Filter>
    <Filter Include="Resource Files\qrc">
      <UniqueIdentifier>{0415266e-3c48-45ce-8a79-e972069e3062}</UniqueIdentifier>
    </Filter>
    <Filter Include="Header Files\ProonnxUI">
      <UniqueIdentifier>{1e651607-32fb-4bc7-b3f7-6aeb05a38377}</UniqueIdentifier>
    </Filter>
    <Filter Include="Source Files\ProonnxUI">
      <UniqueIdentifier>{94928655-3d7c-440b-987f-8b5b23e91f1d}</UniqueIdentifier>
    </Filter>
    <Filter Include="Header Files\LocalizationModule">
      <UniqueIdentifier>{6674b9f8-5317-41ac-ac40-3e48ab706314}</UniqueIdentifier>
    </Filter>
    <Filter Include="Source Files\LocalizationModule">
      <UniqueIdentifier>{f09352ce-be35-4fca-bda5-387d346f843f}</UniqueIdentifier>
    </Filter>
    <Filter Include="config">
      <UniqueIdentifier>{42d4dd75-bd1f-4c42-925b-afafa33004ca}</UniqueIdentifier>
    </Filter>
  </ItemGroup>
  <ItemGroup>
    <ClCompile Include="main.cpp">
      <Filter>Source Files</Filter>
    </ClCompile>
    <ClCompile Include="Proonnx.cpp">
      <Filter>Source Files\ProonnxUI</Filter>
    </ClCompile>
    <ClCompile Include="LocalizationStringModuleAbstact.cpp">
      <Filter>Source Files\LocalizationModule</Filter>
    </ClCompile>
    <ClCompile Include="LocalizationStringModule-XML.cpp">
      <Filter>Source Files\LocalizationModule</Filter>
    </ClCompile>
    <ClCompile Include="LocalizationStringLoader-XML.cpp">
      <Filter>Source Files\LocalizationModule</Filter>
    </ClCompile>
    <ClCompile Include="DlgAddCameraConfig.cpp">
      <Filter>Source Files\ProonnxUI</Filter>
    </ClCompile>
  </ItemGroup>
  <ItemGroup>
    <QtUic Include="Proonnx.ui">
      <Filter>Form Files\ui</Filter>
    </QtUic>
    <QtUic Include="DlgAddCameraConfig.ui">
      <Filter>Form Files\ui</Filter>
    </QtUic>
  </ItemGroup>
  <ItemGroup>
    <QtRcc Include="Proonnx.qrc">
      <Filter>Resource Files\qrc</Filter>
    </QtRcc>
  </ItemGroup>
  <ItemGroup>
    <None Include="packages.config" />
  </ItemGroup>
  <ItemGroup>
    <QtMoc Include="Proonnx.h">
      <Filter>Header Files\ProonnxUI</Filter>
    </QtMoc>
    <QtMoc Include="DlgAddCameraConfig.h">
      <Filter>Header Files\ProonnxUI</Filter>
    </QtMoc>
  </ItemGroup>
  <ItemGroup>
    <ClInclude Include="LocalizationStringModuleAbstact.h">
      <Filter>Header Files\LocalizationModule</Filter>
    </ClInclude>
    <ClInclude Include="LocalizationStringModule-XML.h">
      <Filter>Header Files\LocalizationModule</Filter>
    </ClInclude>
    <ClInclude Include="LocalizationStringLoaderAbstract.h">
      <Filter>Header Files\LocalizationModule</Filter>
    </ClInclude>
    <ClInclude Include="LocalizationStringLoader-XML.h">
      <Filter>Header Files\LocalizationModule</Filter>
    </ClInclude>
  </ItemGroup>
  <ItemGroup>
    <Xml Include="languageString.xml">
      <Filter>config</Filter>
    </Xml>
  </ItemGroup>
</Project>